<Solution>
  <Project Path="3FCompare/3FCompare.csproj" />
  <Project Path="3FCompare.Core/3FCompare.Core.csproj" />
  <Project Path="../testmedia/tools/renderbench/renderbench.csproj" />
  <Project Path="../tests/3FCompare.Core.Tests/3FCompare.Core.Tests.csproj" />
  <Project Path="../tests/3FCompare.SmokeTests/3FCompare.SmokeTests.csproj" />
</Solution>
